// !$*UTF8*$!
{
	archiveVersion = 1;
	classes = {
	};
	objectVersion = 46;
	objects = {

/* Begin PBXBuildFile section */
		CC763E411AA175DC0075858A /* AppDelegate.swift in Sources */ = {isa = PBXBuildFile; fileRef = CC763E401AA175DC0075858A /* AppDelegate.swift */; };
		CC763E431AA175DC0075858A /* ViewController.swift in Sources */ = {isa = PBXBuildFile; fileRef = CC763E421AA175DC0075858A /* ViewController.swift */; };
		CC763E461AA175DC0075858A /* Main.storyboard in Resources */ = {isa = PBXBuildFile; fileRef = CC763E441AA175DC0075858A /* Main.storyboard */; };
		CC763E481AA175DC0075858A /* Images.xcassets in Resources */ = {isa = PBXBuildFile; fileRef = CC763E471AA175DC0075858A /* Images.xcassets */; };
		CC763E4B1AA175DC0075858A /* LaunchScreen.xib in Resources */ = {isa = PBXBuildFile; fileRef = CC763E491AA175DC0075858A /* LaunchScreen.xib */; };
		CC763E571AA175DD0075858A /* weatherTests.swift in Sources */ = {isa = PBXBuildFile; fileRef = CC763E561AA175DD0075858A /* weatherTests.swift */; };
/* End PBXBuildFile section */

/* Begin PBXContainerItemProxy section */
		CC763E511AA175DD0075858A /* PBXContainerItemProxy */ = {
			isa = PBXContainerItemProxy;
			containerPortal = CC763E331AA175DC0075858A /* Project object */;
			proxyType = 1;
			remoteGlobalIDString = CC763E3A1AA175DC0075858A;
			remoteInfo = weather;
		};
/* End PBXContainerItemProxy section */

/* Begin PBXFileReference section */
		CC763E3B1AA175DC0075858A /* weather.app */ = {isa = PBXFileReference; explicitFileType = wrapper.application; includeInIndex = 0; path = weather.app; sourceTree = BUILT_PRODUCTS_DIR; };
		CC763E3F1AA175DC0075858A /* Info.plist */ = {isa = PBXFileReference; lastKnownFileType = text.plist.xml; path = Info.plist; sourceTree = "<group>"; };
		CC763E401AA175DC0075858A /* AppDelegate.swift */ = {isa = PBXFileReference; lastKnownFileType = sourcecode.swift; path = AppDelegate.swift; sourceTree = "<group>"; };
		CC763E421AA175DC0075858A /* ViewController.swift */ = {isa = PBXFileReference; lastKnownFileType = sourcecode.swift; path = ViewController.swift; sourceTree = "<group>"; };
		CC763E451AA175DC0075858A /* Base */ = {isa = PBXFileReference; lastKnownFileType = file.storyboard; name = Base; path = Base.lproj/Main.storyboard; sourceTree = "<group>"; };
		CC763E471AA175DC0075858A /* Images.xcassets */ = {isa = PBXFileReference; lastKnownFileType = folder.assetcatalog; path = Images.xcassets; sourceTree = "<group>"; };
		CC763E4A1AA175DC0075858A /* Base */ = {isa = PBXFileReference; lastKnownFileType = file.xib; name = Base; path = Base.lproj/LaunchScreen.xib; sourceTree = "<group>"; };
		CC763E501AA175DD0075858A /* weatherTests.xctest */ = {isa = PBXFileReference; explicitFileType = wrapper.cfbundle; includeInIndex = 0; path = weatherTests.xctest; sourceTree = BUILT_PRODUCTS_DIR; };
		CC763E551AA175DD0075858A /* Info.plist */ = {isa = PBXFileReference; lastKnownFileType = text.plist.xml; path = Info.plist; sourceTree = "<group>"; };
		CC763E561AA175DD0075858A /* weatherTests.swift */ = {isa = PBXFileReference; lastKnownFileType = sourcecode.swift; path = weatherTests.swift; sourceTree = "<group>"; };
/* End PBXFileReference section */

/* Begin PBXFrameworksBuildPhase section */
		CC763E381AA175DC0075858A /* Frameworks */ = {
			isa = PBXFrameworksBuildPhase;
			buildActionMask = 2147483647;
			files = (
			);
			runOnlyForDeploymentPostprocessing = 0;
		};
		CC763E4D1AA175DD0075858A /* Frameworks */ = {
			isa = PBXFrameworksBuildPhase;
			buildActionMask = 2147483647;
			files = (
			);
			runOnlyForDeploymentPostprocessing = 0;
		};
/* End PBXFrameworksBuildPhase section */

/* Begin PBXGroup section */
		CC763E321AA175DC0075858A = {
			isa = PBXGroup;
			children = (
				CC763E3D1AA175DC0075858A /* weather */,
				CC763E531AA175DD0075858A /* weatherTests */,
				CC763E3C1AA175DC0075858A /* Products */,
			);
			sourceTree = "<group>";
		};
		CC763E3C1AA175DC0075858A /* Products */ = {
			isa = PBXGroup;
			children = (
				CC763E3B1AA175DC0075858A /* weather.app */,
				CC763E501AA175DD0075858A /* weatherTests.xctest */,
			);
			name = Products;
			sourceTree = "<group>";
		};
		CC763E3D1AA175DC0075858A /* weather */ = {
			isa = PBXGroup;
			children = (
				CC763E401AA175DC0075858A /* AppDelegate.swift */,
				CC763E421AA175DC0075858A /* ViewController.swift */,
				CC763E441AA175DC0075858A /* Main.storyboard */,
				CC763E471AA175DC0075858A /* Images.xcassets */,
				CC763E491AA175DC0075858A /* LaunchScreen.xib */,
				CC763E3E1AA175DC0075858A /* Supporting Files */,
			);
			path = weather;
			sourceTree = "<group>";
		};
		CC763E3E1AA175DC0075858A /* Supporting Files */ = {
			isa = PBXGroup;
			children = (
				CC763E3F1AA175DC0075858A /* Info.plist */,
			);
			name = "Supporting Files";
			sourceTree = "<group>";
		};
		CC763E531AA175DD0075858A /* weatherTests */ = {
			isa = PBXGroup;
			children = (
				CC763E561AA175DD0075858A /* weatherTests.swift */,
				CC763E541AA175DD0075858A /* Supporting Files */,
			);
			path = weatherTests;
			sourceTree = "<group>";
		};
		CC763E541AA175DD0075858A /* Supporting Files */ = {
			isa = PBXGroup;
			children = (
				CC763E551AA175DD0075858A /* Info.plist */,
			);
			name = "Supporting Files";
			sourceTree = "<group>";
		};
/* End PBXGroup section */

/* Begin PBXNativeTarget section */
		CC763E3A1AA175DC0075858A /* weather */ = {
			isa = PBXNativeTarget;
			buildConfigurationList = CC763E5A1AA175DD0075858A /* Build configuration list for PBXNativeTarget "weather" */;
			buildPhases = (
				CC763E371AA175DC0075858A /* Sources */,
				CC763E381AA175DC0075858A /* Frameworks */,
				CC763E391AA175DC0075858A /* Resources */,
			);
			buildRules = (
			);
			dependencies = (
			);
			name = weather;
			productName = weather;
			productReference = CC763E3B1AA175DC0075858A /* weather.app */;
			productType = "com.apple.product-type.application";
		};
		CC763E4F1AA175DD0075858A /* weatherTests */ = {
			isa = PBXNativeTarget;
			buildConfigurationList = CC763E5D1AA175DD0075858A /* Build configuration list for PBXNativeTarget "weatherTests" */;
			buildPhases = (
				CC763E4C1AA175DD0075858A /* Sources */,
				CC763E4D1AA175DD0075858A /* Frameworks */,
				CC763E4E1AA175DD0075858A /* Resources */,
			);
			buildRules = (
			);
			dependencies = (
				CC763E521AA175DD0075858A /* PBXTargetDependency */,
			);
			name = weatherTests;
			productName = weatherTests;
			productReference = CC763E501AA175DD0075858A /* weatherTests.xctest */;
			productType = "com.apple.product-type.bundle.unit-test";
		};
/* End PBXNativeTarget section */

/* Begin PBXProject section */
		CC763E331AA175DC0075858A /* Project object */ = {
			isa = PBXProject;
			attributes = {
				LastUpgradeCheck = 0610;
				ORGANIZATIONNAME = "rick conroy";
				TargetAttributes = {
					CC763E3A1AA175DC0075858A = {
						CreatedOnToolsVersion = 6.1.1;
					};
					CC763E4F1AA175DD0075858A = {
						CreatedOnToolsVersion = 6.1.1;
						TestTargetID = CC763E3A1AA175DC0075858A;
					};
				};
			};
			buildConfigurationList = CC763E361AA175DC0075858A /* Build configuration list for PBXProject "weather" */;
			compatibilityVersion = "Xcode 3.2";
			developmentRegion = English;
			hasScannedForEncodings = 0;
			knownRegions = (
				en,
				Base,
			);
			mainGroup = CC763E321AA175DC0075858A;
			productRefGroup = CC763E3C1AA175DC0075858A /* Products */;
			projectDirPath = "";
			projectRoot = "";
			targets = (
				CC763E3A1AA175DC0075858A /* weather */,
				CC763E4F1AA175DD0075858A /* weatherTests */,
			);
		};
/* End PBXProject section */

/* Begin PBXResourcesBuildPhase section */
		CC763E391AA175DC0075858A /* Resources */ = {
			isa = PBXResourcesBuildPhase;
			buildActionMask = 2147483647;
			files = (
				CC763E461AA175DC0075858A /* Main.storyboard in Resources */,
				CC763E4B1AA175DC0075858A /* LaunchScreen.xib in Resources */,
				CC763E481AA175DC0075858A /* Images.xcassets in Resources */,
			);
			runOnlyForDeploymentPostprocessing = 0;
		};
		CC763E4E1AA175DD0075858A /* Resources */ = {
			isa = PBXResourcesBuildPhase;
			buildActionMask = 2147483647;
			files = (
			);
			runOnlyForDeploymentPostprocessing = 0;
		};
/* End PBXResourcesBuildPhase section */

/* Begin PBXSourcesBuildPhase section */
		CC763E371AA175DC0075858A /* Sources */ = {
			isa = PBXSourcesBuildPhase;
			buildActionMask = 2147483647;
			files = (
				CC763E431AA175DC0075858A /* ViewController.swift in Sources */,
				CC763E411AA175DC0075858A /* AppDelegate.swift in Sources */,
			);
			runOnlyForDeploymentPostprocessing = 0;
		};
		CC763E4C1AA175DD0075858A /* Sources */ = {
			isa = PBXSourcesBuildPhase;
			buildActionMask = 2147483647;
			files = (
				CC763E571AA175DD0075858A /* weatherTests.swift in Sources */,
			);
			runOnlyForDeploymentPostprocessing = 0;
		};
/* End PBXSourcesBuildPhase section */

/* Begin PBXTargetDependency section */
		CC763E521AA175DD0075858A /* PBXTargetDependency */ = {
			isa = PBXTargetDependency;
			target = CC763E3A1AA175DC0075858A /* weather */;
			targetProxy = CC763E511AA175DD0075858A /* PBXContainerItemProxy */;
		};
/* End PBXTargetDependency section */

/* Begin PBXVariantGroup section */
		CC763E441AA175DC0075858A /* Main.storyboard */ = {
			isa = PBXVariantGroup;
			children = (
				CC763E451AA175DC0075858A /* Base */,
			);
			name = Main.storyboard;
			sourceTree = "<group>";
		};
		CC763E491AA175DC0075858A /* LaunchScreen.xib */ = {
			isa = PBXVariantGroup;
			children = (
				CC763E4A1AA175DC0075858A /* Base */,
			);
			name = LaunchScreen.xib;
			sourceTree = "<group>";
		};
/* End PBXVariantGroup section */

/* Begin XCBuildConfiguration section */
		CC763E581AA175DD0075858A /* Debug */ = {
			isa = XCBuildConfiguration;
			buildSettings = {
				ALWAYS_SEARCH_USER_PATHS = NO;
				CLANG_CXX_LANGUAGE_STANDARD = "gnu++0x";
				CLANG_CXX_LIBRARY = "libc++";
				CLANG_ENABLE_MODULES = YES;
				CLANG_ENABLE_OBJC_ARC = YES;
				CLANG_WARN_BOOL_CONVERSION = YES;
				CLANG_WARN_CONSTANT_CONVERSION = YES;
				CLANG_WARN_DIRECT_OBJC_ISA_USAGE = YES_ERROR;
				CLANG_WARN_EMPTY_BODY = YES;
				CLANG_WARN_ENUM_CONVERSION = YES;
				CLANG_WARN_INT_CONVERSION = YES;
				CLANG_WARN_OBJC_ROOT_CLASS = YES_ERROR;
				CLANG_WARN_UNREACHABLE_CODE = YES;
				CLANG_WARN__DUPLICATE_METHOD_MATCH = YES;
				"CODE_SIGN_IDENTITY[sdk=iphoneos*]" = "iPhone Developer";
				COPY_PHASE_STRIP = NO;
				ENABLE_STRICT_OBJC_MSGSEND = YES;
				GCC_C_LANGUAGE_STANDARD = gnu99;
				GCC_DYNAMIC_NO_PIC = NO;
				GCC_OPTIMIZATION_LEVEL = 0;
				GCC_PREPROCESSOR_DEFINITIONS = (
					"DEBUG=1",
					"$(inherited)",
				);
				GCC_SYMBOLS_PRIVATE_EXTERN = NO;
				GCC_WARN_64_TO_32_BIT_CONVERSION = YES;
				GCC_WARN_ABOUT_RETURN_TYPE = YES_ERROR;
				GCC_WARN_UNDECLARED_SELECTOR = YES;
				GCC_WARN_UNINITIALIZED_AUTOS = YES_AGGRESSIVE;
				GCC_WARN_UNUSED_FUNCTION = YES;
				GCC_WARN_UNUSED_VARIABLE = YES;
				IPHONEOS_DEPLOYMENT_TARGET = 8.1;
				MTL_ENABLE_DEBUG_INFO = YES;
				ONLY_ACTIVE_ARCH = YES;
				SDKROOT = iphoneos;
				SWIFT_OPTIMIZATION_LEVEL = "-Onone";
			};
			name = Debug;
		};
		CC763E591AA175DD0075858A /* Release */ = {
			isa = XCBuildConfiguration;
			buildSettings = {
				ALWAYS_SEARCH_USER_PATHS = NO;
				CLANG_CXX_LANGUAGE_STANDARD = "gnu++0x";
				CLANG_CXX_LIBRARY = "libc++";
				CLANG_ENABLE_MODULES = YES;
				CLANG_ENABLE_OBJC_ARC = YES;
				CLANG_WARN_BOOL_CONVERSION = YES;
				CLANG_WARN_CONSTANT_CONVERSION = YES;
				CLANG_WARN_DIRECT_OBJC_ISA_USAGE = YES_ERROR;
				CLANG_WARN_EMPTY_BODY = YES;
				CLANG_WARN_ENUM_CONVERSION = YES;
				CLANG_WARN_INT_CONVERSION = YES;
				CLANG_WARN_OBJC_ROOT_CLASS = YES_ERROR;
				CLANG_WARN_UNREACHABLE_CODE = YES;
				CLANG_WARN__DUPLICATE_METHOD_MATCH = YES;
				"CODE_SIGN_IDENTITY[sdk=iphoneos*]" = "iPhone Developer";
				COPY_PHASE_STRIP = YES;
				ENABLE_NS_ASSERTIONS = NO;
				ENABLE_STRICT_OBJC_MSGSEND = YES;
				GCC_C_LANGUAGE_STANDARD = gnu99;
				GCC_WARN_64_TO_32_BIT_CONVERSION = YES;
				GCC_WARN_ABOUT_RETURN_TYPE = YES_ERROR;
				GCC_WARN_UNDECLARED_SELECTOR = YES;
				GCC_WARN_UNINITIALIZED_AUTOS = YES_AGGRESSIVE;
				GCC_WARN_UNUSED_FUNCTION = YES;
				GCC_WARN_UNUSED_VARIABLE = YES;
				IPHONEOS_DEPLOYMENT_TARGET = 8.1;
				MTL_ENABLE_DEBUG_INFO = NO;
				SDKROOT = iphoneos;
				VALIDATE_PRODUCT = YES;
			};
			name = Release;
		};
		CC763E5B1AA175DD0075858A /* Debug */ = {
			isa = XCBuildConfiguration;
			buildSettings = {
				ASSETCATALOG_COMPILER_APPICON_NAME = AppIcon;
				INFOPLIST_FILE = weather/Info.plist;
				LD_RUNPATH_SEARCH_PATHS = "$(inherited) @executable_path/Frameworks";
				PRODUCT_NAME = "$(TARGET_NAME)";
			};
			name = Debug;
		};
		CC763E5C1AA175DD0075858A /* Release */ = {
			isa = XCBuildConfiguration;
			buildSettings = {
				ASSETCATALOG_COMPILER_APPICON_NAME = AppIcon;
				INFOPLIST_FILE = weather/Info.plist;
				LD_RUNPATH_SEARCH_PATHS = "$(inherited) @executable_path/Frameworks";
				PRODUCT_NAME = "$(TARGET_NAME)";
			};
			name = Release;
		};
		CC763E5E1AA175DD0075858A /* Debug */ = {
			isa = XCBuildConfiguration;
			buildSettings = {
				BUNDLE_LOADER = "$(TEST_HOST)";
				FRAMEWORK_SEARCH_PATHS = (
					"$(SDKROOT)/Developer/Library/Frameworks",
					"$(inherited)",
				);
				GCC_PREPROCESSOR_DEFINITIONS = (
					"DEBUG=1",
					"$(inherited)",
				);
				INFOPLIST_FILE = weatherTests/Info.plist;
				LD_RUNPATH_SEARCH_PATHS = "$(inherited) @executable_path/Frameworks @loader_path/Frameworks";
				PRODUCT_NAME = "$(TARGET_NAME)";
				TEST_HOST = "$(BUILT_PRODUCTS_DIR)/weather.app/weather";
			};
			name = Debug;
		};
		CC763E5F1AA175DD0075858A /* Release */ = {
			isa = XCBuildConfiguration;
			buildSettings = {
				BUNDLE_LOADER = "$(TEST_HOST)";
				FRAMEWORK_SEARCH_PATHS = (
					"$(SDKROOT)/Developer/Library/Frameworks",
					"$(inherited)",
				);
				INFOPLIST_FILE = weatherTests/Info.plist;
				LD_RUNPATH_SEARCH_PATHS = "$(inherited) @executable_path/Frameworks @loader_path/Frameworks";
				PRODUCT_NAME = "$(TARGET_NAME)";
				TEST_HOST = "$(BUILT_PRODUCTS_DIR)/weather.app/weather";
			};
			name = Release;
		};
/* End XCBuildConfiguration section */

/* Begin XCConfigurationList section */
		CC763E361AA175DC0075858A /* Build configuration list for PBXProject "weather" */ = {
			isa = XCConfigurationList;
			buildConfigurations = (
				CC763E581AA175DD0075858A /* Debug */,
				CC763E591AA175DD0075858A /* Release */,
			);
			defaultConfigurationIsVisible = 0;
			defaultConfigurationName = Release;
		};
		CC763E5A1AA175DD0075858A /* Build configuration list for PBXNativeTarget "weather" */ = {
			isa = XCConfigurationList;
			buildConfigurations = (
				CC763E5B1AA175DD0075858A /* Debug */,
				CC763E5C1AA175DD0075858A /* Release */,
			);
			defaultConfigurationIsVisible = 0;
		};
		CC763E5D1AA175DD0075858A /* Build configuration list for PBXNativeTarget "weatherTests" */ = {
			isa = XCConfigurationList;
			buildConfigurations = (
				CC763E5E1AA175DD0075858A /* Debug */,
				CC763E5F1AA175DD0075858A /* Release */,
			);
			defaultConfigurationIsVisible = 0;
		};
/* End XCConfigurationList section */
	};
	rootObject = CC763E331AA175DC0075858A /* Project object */;
}
